
Microsoft Visual Studio Solution File, Format Version 12.00
# Visual Studio Version 16
VisualStudioVersion = 16.0.30517.126
MinimumVisualStudioVersion = 10.0.40219.1
Project("{FAE04EC0-301F-11D3-BF4B-00C04F79EFBC}") = "JWTAuthentication", "JWTAuthentication\JWTAuthentication.csproj", "{72FE4B40-11EC-4BEA-8638-1CBAEE196F8C}"
EndProject
Global
	GlobalSection(SolutionConfigurationPlatforms) = preSolution
		Debug|Any CPU = Debug|Any CPU
		Release|Any CPU = Release|Any CPU
	EndGlobalSection
	GlobalSection(ProjectConfigurationPlatforms) = postSolution
		{72FE4B40-11EC-4BEA-8638-1CBAEE196F8C}.Debug|Any CPU.ActiveCfg = Debug|Any CPU
		{72FE4B40-11EC-4BEA-8638-1CBAEE196F8C}.Debug|Any CPU.Build.0 = Debug|Any CPU
		{72FE4B40-11EC-4BEA-8638-1CBAEE196F8C}.Release|Any CPU.ActiveCfg = Release|Any CPU
		{72FE4B40-11EC-4BEA-8638-1CBAEE196F8C}.Release|Any CPU.Build.0 = Release|Any CPU
	EndGlobalSection
	GlobalSection(SolutionProperties) = preSolution
		HideSolutionNode = FALSE
	EndGlobalSection
	GlobalSection(ExtensibilityGlobals) = postSolution
		SolutionGuid = {8F7A8E83-B906-4555-947A-DE7BAF294CD7}
	EndGlobalSection
EndGlobal
